{
  "version": "4",
  "specifiers": {
    "jsr:@supabase/functions-js@*": "2.4.5",
    "jsr:@supabase/functions-js@2.4.5": "2.4.5",
    "jsr:@supabase/supabase-js@2.57.2": "2.57.2",
    "npm:@electric-sql/pglite@0.5.8": "0.5.8",
    "npm:@modelcontextprotocol/sdk@^1.30.0": "1.30.0_zod@3.25.76_hono@4.13.3_ajv@8.20.0_express@5.2.1",
    "npm:@supabase/auth-js@2.71.1": "2.71.1",
    "npm:@supabase/functions-js@2.4.5": "2.4.5",
    "npm:@supabase/node-fetch@2.6.15": "2.6.15",
    "npm:@supabase/postgrest-js@1.21.3": "1.21.3",
    "npm:@supabase/realtime-js@2.15.5": "2.15.5",
    "npm:@supabase/storage-js@^2.10.4": "2.112.3",
    "npm:@types/cors@^2.8.19": "2.8.19",
    "npm:@types/express@^5.0.6": "5.0.6",
    "npm:@types/node@24": "24.13.3",
    "npm:@types/three@~0.158.3": "0.158.3",
    "npm:@types/ws@^8.5.10": "8.18.1",
    "npm:cors@^2.8.6": "2.8.6",
    "npm:express@^5.2.1": "5.2.1",
    "npm:helmet@^8.1.0": "8.3.0",
    "npm:jose@5.10.0": "5.10.0",
    "npm:node-fetch@^3.3.2": "3.3.2",
    "npm:openai@^4.52.5": "4.104.0_ws@8.21.3_zod@3.25.76",
    "npm:telegraf@^4.15.0": "4.16.3",
    "npm:ts-node@^10.9.0": "10.9.2_@types+node@24.13.3_typescript@5.9.3",
    "npm:typescript@^5.3.0": "5.9.3",
    "npm:ws@^8.21.1": "8.21.3",
    "npm:zod@^3.25.76": "3.25.76"
  },
  "jsr": {
    "@supabase/functions-js@2.4.5": {
      "integrity": "ead2df253fe0c3b0b682c5f25076978ab62c10afff4d04222451a90ba512c394",
      "dependencies": [
        "npm:openai"
      ]
    },
    "@supabase/supabase-js@2.57.2": {
      "integrity": "f08eeef1c56554ee01d9073a9450c23a401413c88b5fd51f4aeb3e26e929bf04",
      "dependencies": [
        "npm:@supabase/auth-js",
        "npm:@supabase/functions-js@2.4.5",
        "npm:@supabase/node-fetch",
        "npm:@supabase/postgrest-js",
        "npm:@supabase/realtime-js",
        "npm:@supabase/storage-js"
      ]
    }
  },
  "npm": {
    "@cspotcode/source-map-support@0.8.1": {
      "integrity": "sha512-IchNf6dN4tHoMFIn/7OE8LWZ19Y6q/67Bmf6vnGREv8RSbBVb9LPJxEcnwrcwX6ixSvaiGoomAUvu4YSxXrVgw==",
      "dependencies": [
        "@jridgewell/trace-mapping"
      ]
    },
    "@electric-sql/pglite@0.5.8": {
      "integrity": "sha512-n9tsbUOhwx2epK1V0ZG9Ar4SHWUju04dhmzZXiSBXwBoleOvIfals33NAaWgagQVAL4Rbvx/Ptsu3P+pA09f6Q=="
    },
    "@hono/node-server@2.1.1_hono@4.13.3": {
      "integrity": "sha512-ELuehkj5VCBdgEw9zs+ivkKwyzzUCSQuE96YmiPvn1ECBoZCczbFXJLeEGMTYjphP6gydh4pHMqEYPVMYUVgQg==",
      "dependencies": [
        "hono"
      ]
    },
    "@jridgewell/resolve-uri@3.1.2": {
      "integrity": "sha512-bRISgCIjP20/tbWSPWMEi54QVPRZExkuD9lJL+UIxUKtwVJA8wW1Trb1jMs1RFXo1CBTNZ/5hpC9QvmKWdopKw=="
    },
    "@jridgewell/sourcemap-codec@1.5.5": {
      "integrity": "sha512-cYQ9310grqxueWbl+WuIUIaiUaDcj7WOq5fVhEljNVgRfOUhY9fy2zTvfoqWsnebh8Sl70VScFbICvJnLKB0Og=="
    },
    "@jridgewell/trace-mapping@0.3.9": {
      "integrity": "sha512-3Belt6tdc8bPgAtbcmdtNJlirVoTmEb5e2gC94PnkwEW9jI6CAHUeoG85tjWP5WquqfavoMtMwiG4P926ZKKuQ==",
      "dependencies": [
        "@jridgewell/resolve-uri",
        "@jridgewell/sourcemap-codec"
      ]
    },
    "@modelcontextprotocol/sdk@1.30.0_zod@3.25.76_hono@4.13.3_ajv@8.20.0_express@5.2.1": {
      "integrity": "sha512-xKd8OIzlqNzcqcNumGAa6g+PW2kjD5vrpcKOnfldAUPP3j7lnqMPwlTXQm8gF+UwH72z0lqaRbjr9hqGz0eITA==",
      "dependencies": [
        "@hono/node-server",
        "ajv",
        "ajv-formats",
        "content-type@1.0.5",
        "cors",
        "cross-spawn",
        "eventsource",
        "eventsource-parser",
        "express",
        "express-rate-limit",
        "hono",
        "jose@6.2.10",
        "json-schema-typed",
        "pkce-challenge",
        "raw-body",
        "zod",
        "zod-to-json-schema"
      ]
    },
    "@supabase/auth-js@2.71.1": {
      "integrity": "sha512-mMIQHBRc+SKpZFRB2qtupuzulaUhFYupNyxqDj5Jp/LyPvcWvjaJzZzObv6URtL/O6lPxkanASnotGtNpS3H2Q==",
      "dependencies": [
        "@supabase/node-fetch"
      ]
    },
    "@supabase/functions-js@2.4.5": {
      "integrity": "sha512-v5GSqb9zbosquTo6gBwIiq7W9eQ7rE5QazsK/ezNiQXdCbY+bH8D9qEaBIkhVvX4ZRW5rP03gEfw5yw9tiq4EQ==",
      "dependencies": [
        "@supabase/node-fetch"
      ]
    },
    "@supabase/node-fetch@2.6.15": {
      "integrity": "sha512-1ibVeYUacxWYi9i0cf5efil6adJ9WRyZBLivgjs+AUpewx1F3xPi7gLgaASI2SmIQxPoCEjAsLAzKPgMJVgOUQ==",
      "dependencies": [
        "whatwg-url"
      ]
    },
    "@supabase/postgrest-js@1.21.3": {
      "integrity": "sha512-rg3DmmZQKEVCreXq6Am29hMVe1CzemXyIWVYyyua69y6XubfP+DzGfLxME/1uvdgwqdoaPbtjBDpEBhqxq1ZwA==",
      "dependencies": [
        "@supabase/node-fetch"
      ]
    },
    "@supabase/realtime-js@2.15.5": {
      "integrity": "sha512-/Rs5Vqu9jejRD8ZeuaWXebdkH+J7V6VySbCZ/zQM93Ta5y3mAmocjioa/nzlB6qvFmyylUgKVS1KpE212t30OA==",
      "dependencies": [
        "@supabase/node-fetch",
        "@types/phoenix",
        "@types/ws",
        "ws"
      ]
    },
    "@supabase/storage-js@2.112.3": {
      "integrity": "sha512-oSK61tzlUvg+BWPqpKQCu9qqonsO26btaoAR9D6Gest2aj7xUqToj9rKyaoYOJczkhg9BjqA1REbYy9tPI4bDA==",
      "dependencies": [
        "iceberg-js",
        "tslib"
      ]
    },
    "@telegraf/types@7.1.0": {
      "integrity": "sha512-kGevOIbpMcIlCDeorKGpwZmdH7kHbqlk/Yj6dEpJMKEQw5lk0KVQY0OLXaCswy8GqlIVLd5625OB+rAntP9xVw=="
    },
    "@tsconfig/node10@1.0.13": {
      "integrity": "sha512-gcLdvR9HO1ZJBypsOGqaP6TFEzb6vIta0KSTLt9NAQ6pXQO3cRgSVyCN6pzYqI9DlJgY71XKO0dpDhCf08b3pg=="
    },
    "@tsconfig/node12@1.0.11": {
      "integrity": "sha512-cqefuRsh12pWyGsIoBKJA9luFu3mRxCA+ORZvA4ktLSzIuCUtWVxGIuXigEwO5/ywWFMZ2QEGKWvkZG1zDMTag=="
    },
    "@tsconfig/node14@1.0.3": {
      "integrity": "sha512-ysT8mhdixWK6Hw3i1V2AeRqZ5WfXg1G43mqoYlM2nc6388Fq5jcXyr5mRsqViLx/GJYdoL0bfXD8nmF+Zn/Iow=="
    },
    "@tsconfig/node16@1.0.4": {
      "integrity": "sha512-vxhUy4J8lyeyinH7Azl1pdd43GJhZH/tP2weN8TntQblOY+A0XbT8DJk1/oCPuOOyg/Ja757rG0CgHcWC8OfMA=="
    },
    "@types/body-parser@1.19.6": {
      "integrity": "sha512-HLFeCYgz89uk22N5Qg3dvGvsv46B8GLvKKo1zKG4NybA8U2DiEO3w9lqGg29t/tfLRJpJ6iQxnVw4OnB7MoM9g==",
      "dependencies": [
        "@types/connect",
        "@types/node@22.12.0"
      ]
    },
    "@types/connect@3.4.38": {
      "integrity": "sha512-K6uROf1LD88uDQqJCktA4yzL1YYAK6NgfsI0v/mTgyPKWsX1CnJ0XPSDhViejru1GcRkLWb8RlzFYJRqGUbaug==",
      "dependencies": [
        "@types/node@22.12.0"
      ]
    },
    "@types/cors@2.8.19": {
      "integrity": "sha512-mFNylyeyqN93lfe/9CSxOGREz8cpzAhH+E93xJ4xWQf62V8sQ/24reV2nyzUWM6H6Xji+GGHpkbLe7pVoUEskg==",
      "dependencies": [
        "@types/node@22.12.0"
      ]
    },
    "@types/express-serve-static-core@5.1.3": {
      "integrity": "sha512-dPfW8NFiOF4wOHc7+N/QSxlY9cfSsenewGbAz8C8U/MULPd/YZ27LvJUIlzaXie7e6Ove9YunJGgC9tbHD2cKw==",
      "dependencies": [
        "@types/node@22.12.0",
        "@types/qs",
        "@types/range-parser",
        "@types/send"
      ]
    },
    "@types/express@5.0.6": {
      "integrity": "sha512-sKYVuV7Sv9fbPIt/442koC7+IIwK5olP1KWeD88e/idgoJqDm3JV/YUiPwkoKK92ylff2MGxSz1CSjsXelx0YA==",
      "dependencies": [
        "@types/body-parser",
        "@types/express-serve-static-core",
        "@types/serve-static"
      ]
    },
    "@types/http-errors@2.0.5": {
      "integrity": "sha512-r8Tayk8HJnX0FztbZN7oVqGccWgw98T/0neJphO91KkmOzug1KkofZURD4UaD5uH8AqcFLfdPErnBod0u71/qg=="
    },
    "@types/node-fetch@2.6.13": {
      "integrity": "sha512-QGpRVpzSaUs30JBSGPjOg4Uveu384erbHBoT1zeONvyCfwQxIkUshLAOqN/k9EjGviPRmWTTe6aH2qySWKTVSw==",
      "dependencies": [
        "@types/node@22.12.0",
        "form-data"
      ]
    },
    "@types/node@18.19.130": {
      "integrity": "sha512-GRaXQx6jGfL8sKfaIDD6OupbIHBr9jv7Jnaml9tB7l4v068PAOXqfcujMMo5PhbIs6ggR1XODELqahT2R8v0fg==",
      "dependencies": [
        "undici-types@5.26.5"
      ]
    },
    "@types/node@22.12.0": {
      "integrity": "sha512-Fll2FZ1riMjNmlmJOdAyY5pUbkftXslB5DgEzlIuNaiWhXd00FhWxVC/r4yV/4wBb9JfImTu+jiSvXTkJ7F/gA==",
      "dependencies": [
        "undici-types@6.20.0"
      ]
    },
    "@types/node@24.13.3": {
      "integrity": "sha512-Dh8vAsV36ig5wa9OX4pXvMc9D3Veibfw2wix0CUwYODLD8nkj9UsLjASr49nPg+2eKzxhBV+v7L8pXvT4e639Q==",
      "dependencies": [
        "undici-types@7.18.2"
      ]
    },
    "@types/phoenix@1.6.7": {
      "integrity": "sha512-oN9ive//QSBkf19rfDv45M7eZPi0eEXylht2OLEXicu5b4KoQ1OzXIw+xDSGWxSxe1JmepRR/ZH283vsu518/Q=="
    },
    "@types/qs@6.15.1": {
      "integrity": "sha512-GZHUBZR9hckSUhrxmp1nG6NwdpM9fCunJwyThLW1X3AyHgd9IlHb6VANpQQqDr2o/qQp6McZ3y/IA2rVzKzSbw=="
    },
    "@types/range-parser@1.2.7": {
      "integrity": "sha512-hKormJbkJqzQGhziax5PItDUTMAM9uE2XXQmM37dyd4hVM+5aVl7oVxMVUiVQn2oCQFN/LKCZdvSM0pFRqbSmQ=="
    },
    "@types/send@1.2.1": {
      "integrity": "sha512-arsCikDvlU99zl1g69TcAB3mzZPpxgw0UQnaHeC1Nwb015xp8bknZv5rIfri9xTOcMuaVgvabfIRA7PSZVuZIQ==",
      "dependencies": [
        "@types/node@22.12.0"
      ]
    },
    "@types/serve-static@2.2.0": {
      "integrity": "sha512-8mam4H1NHLtu7nmtalF7eyBH14QyOASmcxHhSfEoRyr0nP/YdoesEtU+uSRvMe96TW/HPTtkoKqQLl53N7UXMQ==",
      "dependencies": [
        "@types/http-errors",
        "@types/node@22.12.0"
      ]
    },
    "@types/stats.js@0.17.4": {
      "integrity": "sha512-jIBvWWShCvlBqBNIZt0KAshWpvSjhkwkEu4ZUcASoAvhmrgAUI2t1dXrjSL4xXVLB4FznPrIsX3nKXFl/Dt4vA=="
    },
    "@types/three@0.158.3": {
      "integrity": "sha512-6Qs1rUvLSbkJ4hlIe6/rdwIf61j1x2UKvGJg7s8KjswYsz1C1qDTs6voVXXB8kYaI0hgklgZgbZUupfL1l9xdA==",
      "dependencies": [
        "@types/stats.js",
        "@types/webxr",
        "fflate",
        "meshoptimizer"
      ]
    },
    "@types/webxr@0.5.24": {
      "integrity": "sha512-h8fgEd/DpoS9CBrjEQXR+dIDraopAEfu4wYVNY2tEPwk60stPWhvZMf4Foo5FakuQ7HFZoa8WceaWFervK2Ovg=="
    },
    "@types/ws@8.18.1": {
      "integrity": "sha512-ThVF6DCVhA8kUGy+aazFQ4kXQ7E1Ty7A3ypFOe0IcJV8O/M511G99AW24irKrW56Wt44yG9+ij8FaqoBGkuBXg==",
      "dependencies": [
        "@types/node@22.12.0"
      ]
    },
    "abort-controller@3.0.0": {
      "integrity": "sha512-h8lQ8tacZYnR3vNQTgibj+tODHI5/+l06Au2Pcriv/Gmet0eaj4TwWH41sO9wnHDiQsEj19q0drzdWdeAHtweg==",
      "dependencies": [
        "event-target-shim"
      ]
    },
    "accepts@2.0.0": {
      "integrity": "sha512-5cvg6CtKwfgdmVqY1WIiXKc3Q1bkRqGLi+2W/6ao+6Y7gu/RCwRuAhGEzh5B4KlszSuTLgZYuqFqo5bImjNKng==",
      "dependencies": [
        "mime-types@3.0.2",
        "negotiator"
      ]
    },
    "acorn-walk@8.3.5": {
      "integrity": "sha512-HEHNfbars9v4pgpW6SO1KSPkfoS0xVOM/9UzkJltjlsHZmJasxg8aXkuZa7SMf8vKGIBhpUsPluQSqhJFCqebw==",
      "dependencies": [
        "acorn"
      ]
    },
    "acorn@8.18.0": {
      "integrity": "sha512-lGq+9yr1/GuAWaVYIHRjvvySG5/4VfKIvC8EWxStPdcDh/Ka7FG3twP6v4d5BkravUilhIAsG4Qj83t02LWUPQ=="
    },
    "agentkeepalive@4.6.0": {
      "integrity": "sha512-kja8j7PjmncONqaTsB8fQ+wE2mSU2DJ9D4XKoJ5PFWIdRMa6SLSN1ff4mOr4jCbfRSsxR4keIiySJU0N9T5hIQ==",
      "dependencies": [
        "humanize-ms"
      ]
    },
    "ajv-formats@3.0.1_ajv@8.20.0": {
      "integrity": "sha512-8iUql50EUR+uUcdRQ3HDqa6EVyo3docL8g5WJ3FNcWmu62IbkGUue/pEyLBW8VGKKucTPgqeks4fIU1DA4yowQ==",
      "dependencies": [
        "ajv"
      ]
    },
    "ajv@8.20.0": {
      "integrity": "sha512-Thbli+OlOj+iMPYFBVBfJ3OmCAnaSyNn4M1vz9T6Gka5Jt9ba/HIR56joy65tY6kx/FCF5VXNB819Y7/GUrBGA==",
      "dependencies": [
        "fast-deep-equal",
        "fast-uri",
        "json-schema-traverse",
        "require-from-string"
      ]
    },
    "arg@4.1.3": {
      "integrity": "sha512-58S9QDqG0Xx27YwPSt9fJxivjYl432YCwfDMfZ+71RAqUrZef7LrKQZ3LHLOwCS4FLNBplP533Zx895SeOCHvA=="
    },
    "asynckit@0.4.0": {
      "integrity": "sha512-Oei9OH4tRh0YqU3GxhX79dM/mwVgvbZJaSNaRk+bshkj0S5cfHcgYakreBjrHwatXKbz+IoIdYLxrKim2MjW0Q=="
    },
    "body-parser@2.3.0": {
      "integrity": "sha512-2cGmJupaNgg+QUwVLAucDuWuoMZ6EX9iHDRswZ5lsNYEmwPaRknMPCLZz07yTzVq/83p4o/wzbDZbBrTvGGTIw==",
      "dependencies": [
        "bytes",
        "content-type@2.1.0",
        "debug",
        "http-errors",
        "iconv-lite",
        "on-finished",
        "qs",
        "raw-body",
        "type-is"
      ]
    },
    "buffer-alloc-unsafe@1.1.0": {
      "integrity": "sha512-TEM2iMIEQdJ2yjPJoSIsldnleVaAk1oW3DBVUykyOLsEsFmEc9kn+SFFPz+gl54KQNxlDnAwCXosOS9Okx2xAg=="
    },
    "buffer-alloc@1.2.0": {
      "integrity": "sha512-CFsHQgjtW1UChdXgbyJGtnm+O/uLQeZdtbDo8mfUgYXCHSM1wgrVxXm6bSyrUuErEb+4sYVGCzASBRot7zyrow==",
      "dependencies": [
        "buffer-alloc-unsafe",
        "buffer-fill"
      ]
    },
    "buffer-fill@1.0.0": {
      "integrity": "sha512-T7zexNBwiiaCOGDg9xNX9PBmjrubblRkENuptryuI64URkXDFum9il/JGL8Lm8wYfAXpredVXXZz7eMHilimiQ=="
    },
    "bytes@3.1.2": {
      "integrity": "sha512-/Nf7TyzTx6S3yRJObOAV7956r8cr2+Oj8AC5dt8wSP3BQAoeX58NoHyCU8P8zGkNXStjTSi6fzO6F0pBdcYbEg=="
    },
    "call-bind-apply-helpers@1.0.2": {
      "integrity": "sha512-Sp1ablJ0ivDkSzjcaJdxEunN5/XvksFJ2sMBFfq6x0ryhQV/2b/KwFe21cMpmHtPOSij8K99/wSfoEuTObmuMQ==",
      "dependencies": [
        "es-errors",
        "function-bind"
      ]
    },
    "call-bound@1.0.4": {
      "integrity": "sha512-+ys997U96po4Kx/ABpBCqhA9EuxJaQWDQg7295H4hBphv3IZg0boBKuwYpt4YXp6MZ5AmZQnU/tyMTlRpaSejg==",
      "dependencies": [
        "call-bind-apply-helpers",
        "get-intrinsic"
      ]
    },
    "combined-stream@1.0.8": {
      "integrity": "sha512-FQN4MRfuJeHf7cBbBMJFXhKSDq+2kAArBlmRBvcvFE5BB1HZKXtSFASDhdlz9zOYwxh8lDdnvmMOe/+5cdoEdg==",
      "dependencies": [
        "delayed-stream"
      ]
    },
    "content-disposition@1.1.0": {
      "integrity": "sha512-5jRCH9Z/+DRP7rkvY83B+yGIGX96OYdJmzngqnw2SBSxqCFPd0w2km3s5iawpGX8krnwSGmF0FW5Nhr0Hfai3g=="
    },
    "content-type@1.0.5": {
      "integrity": "sha512-nTjqfcBFEipKdXCv4YDQWCfmcLZKm81ldF0pAopTvyrFGVbcR6P/VAAd5G7N+0tTr8QqiU0tFadD6FK4NtJwOA=="
    },
    "content-type@2.1.0": {
      "integrity": "sha512-mj7UPXE0jaqaOsukNZRUEfEi2AcL7C/vwmwcHV0O97eO1E1pxBZuyjlZrx5seTaNBg1U6+o35wpa35Qfcc+7ag=="
    },
    "cookie-signature@1.2.2": {
      "integrity": "sha512-D76uU73ulSXrD1UXF4KE2TMxVVwhsnCgfAyTg9k8P6KGZjlXKrOLe4dJQKI3Bxi5wjesZoFXJWElNWBjPZMbhg=="
    },
    "cookie@0.7.2": {
      "integrity": "sha512-yki5XnKuf750l50uGTllt6kKILY4nQ1eNIQatoXEByZ5dWgnKqbnqmTrBE5B4N7lrMJKQ2ytWMiTO2o0v6Ew/w=="
    },
    "cors@2.8.6": {
      "integrity": "sha512-tJtZBBHA6vjIAaF6EnIaq6laBBP9aq/Y3ouVJjEfoHbRBcHBAHYcMh/w8LDrk2PvIMMq8gmopa5D4V8RmbrxGw==",
      "dependencies": [
        "object-assign",
        "vary"
      ]
    },
    "create-require@1.1.1": {
      "integrity": "sha512-dcKFX3jn0MpIaXjisoRvexIJVEKzaq7z2rZKxf+MSr9TkdmHmsU4m2lcLojrj/FHl8mk5VxMmYA+ftRkP/3oKQ=="
    },
    "cross-spawn@7.0.6": {
      "integrity": "sha512-uV2QOWP2nWzsy2aMp8aRibhi9dlzF5Hgh5SHaB9OiTGEyDTiJJyx0uy51QXdyWbtAHNua4XJzUKca3OzKUd3vA==",
      "dependencies": [
        "path-key",
        "shebang-command",
        "which"
      ]
    },
    "data-uri-to-buffer@4.0.1": {
      "integrity": "sha512-0R9ikRb668HB7QDxT1vkpuUBtqc53YyAwMwGeUFKRojY/NWKvdZ+9UYtRfGmhqNbRkTSVpMbmyhXipFFv2cb/A=="
    },
    "debug@4.4.3": {
      "integrity": "sha512-RGwwWnwQvkVfavKVt22FGLw+xYSdzARwm0ru6DhTVA3umU5hZc28V3kO4stgYryrTlLpuvgI9GiijltAjNbcqA==",
      "dependencies": [
        "ms"
      ]
    },
    "delayed-stream@1.0.0": {
      "integrity": "sha512-ZySD7Nf91aLB0RxL4KGrKHBXl7Eds1DAmEdcoVawXnLD7SDhpNgtuII2aAkg7a7QS41jxPSZ17p4VdGnMHk3MQ=="
    },
    "depd@2.0.0": {
      "integrity": "sha512-g7nH6P6dyDioJogAAGprGpCtVImJhpPk/roCzdb3fIh61/s/nPsfR6onyMwkCAR/OlC3yBC0lESvUoQEAssIrw=="
    },
    "diff@4.0.4": {
      "integrity": "sha512-X07nttJQkwkfKfvTPG/KSnE2OMdcUCao6+eXF3wmnIQRn2aPAHH3VxDbDOdegkd6JbPsXqShpvEOHfAT+nCNwQ=="
    },
    "dunder-proto@1.0.1": {
      "integrity": "sha512-KIN/nDJBQRcXw0MLVhZE9iQHmG68qAVIBg9CqmUYjmQIhgij9U5MFvrqkUL5FbtyyzZuOeOt0zdeRe4UY7ct+A==",
      "dependencies": [
        "call-bind-apply-helpers",
        "es-errors",
        "gopd"
      ]
    },
    "ee-first@1.1.1": {
      "integrity": "sha512-WMwm9LhRUo+WUaRN+vRuETqG89IgZphVSNkdFgeb6sS/E4OrDIN7t48CAewSHXc6C8lefD8KKfr5vY61brQlow=="
    },
    "encodeurl@2.0.0": {
      "integrity": "sha512-Q0n9HRi4m6JuGIV1eFlmvJB7ZEVxu93IrMyiMsGC0lrMJMWzRgx6WGquyfQgZVb31vhGgXnfmPNNXmxnOkRBrg=="
    },
    "es-define-property@1.0.1": {
      "integrity": "sha512-e3nRfgfUZ4rNGL232gUgX06QNyyez04KdjFrF+LTRoOXmrOgFKDg4BCdsjW8EnT69eqdYGmRpJwiPVYNrCaW3g=="
    },
    "es-errors@1.3.0": {
      "integrity": "sha512-Zf5H2Kxt2xjTvbJvP2ZWLEICxA6j+hAmMzIlypy4xcBg1vKVnx89Wy0GbS+kf5cwCVFFzdCFh2XSCFNULS6csw=="
    },
    "es-object-atoms@1.1.2": {
      "integrity": "sha512-HWcBoN6NileqtSydK2FqHbS/LoDd2pqrnQHLyJzBj4kOp/ky2MWMN694xOfkK8/SnUsW2DH7EfyVlydKCsm1A=="
    },
    "escape-html@1.0.3": {
      "integrity": "sha512-NiSupZ4OeuGwr68lGIeym/ksIZMJodUGOSCZ/FSnTxcrekbvqrgdUzxFCOy6B1mfY5yTTjAdhH2xzZe8b/7C0A=="
    },
    "etag@1.8.1": {
      "integrity": "sha512-aIL5Fx7mawVa300al2BnEE4iNvo1qETxLj8gQEYxIH/R6hSmyPAeYx0WFwAWw9b0g55ZfW0K3+G0g0kF7f7gQ=="
    },
    "event-target-shim@5.0.1": {
      "integrity": "sha512-i/2X53PU5IfMe5K6jT3F4g+yXwWq0+cK+s2bqR+s0xyuqmmM0zrw4/S0T5uZ9nGjqOpO8A4H6/7x+o6hQ0aP=="
    },
    "eventsource-parser@3.0.6": {
      "integrity": "sha512-V4n0H9sN5/Yc2g4h5q3fG6s6f0w4g/qX5p0k/q2pGq3/q5m+Y7wX5p0gP5+W0Yq0g0q0g0g0g0g0g0g0g0g=="
    },
    "eventsource@3.0.7": {
      "integrity": "sha512-S/I0J0+g0g+o0g0g0g0g0g0g0g0g0g0g0g0g0g0g0g0g0g0g0g0g0g0g0g0g0g0g0g0g0g0g0g0g0g0g0g0g0g0g=="
    },
    "express-rate-limit@7.5.1_express@5.2.1": {
      "integrity": "sha512-0g0g0g0g0g0g0g0g0g0g0g0g0g0g0g0g0g0g0g0g0g0g0g0g0g0g0g0g0g0g0g0g0g0g0g0g0g0g0g0g0g0g0g0g0g==",
      "dependencies": [
        "express"
      ]
    },
    "express@5.2.1": {
      "integrity": "sha512-0g0g0g0g0g0g0g0g0g0g0g0g0g0g0g0g0g0g0g0g0g0g0g0g0g0g0g0g0g0g0g0g0g0g0g0g0g0g0g0g0g0g0g0g0g0g==",
      "dependencies": [
        "accepts",
        "body-parser",
        "content-disposition",
        "content-type@2.1.0",
        "cookie",
        "cookie-signature",
        "debug",
        "encodeurl",
        "escape-html",
        "etag",
        "finalhandler",
        "fresh",
        "http-errors",
        "merge-descriptors",
        "mime-types@3.0.2",
        "on-finished",
        "once",
        "parseurl",
        "proxy-addr",
        "qs",
        "range-parser",
        "router",
        "send",
        "serve-static",
        "statuses",
        "type-is",
        "vary"
      ]
    }
  }
}