{
  "version": "4",
  "specifiers": {
    "jsr:@supabase/functions-js@*": "2.4.5",
    "jsr:@supabase/functions-js@2.4.5": "2.4.5",
    "jsr:@supabase/supabase-js@2.57.2": "2.57.2",
    "npm:@electric-sql/pglite@0.5.8": "0.5.8",
    "npm:@modelcontextprotocol/sdk@^1.30.0": "1.30.0_zod@3.25.76_hono@4.13.3_ajv@8.20.0_express@5.2.1",
    "npm:@supabase/auth-js@2.71.1": "2.71.1",
    "npm:@supabase/functions-js@2.4.5": "2.4.5",
    "npm:@supabase/node-fetch@2.6.15": "2.6.15",
    "npm:@supabase/postgrest-js@1.21.3": "1.21.3",
    "npm:@supabase/realtime-js@2.15.5": "2.15.5",
    "npm:@supabase/storage-js@^2.10.4": "2.112.3",
    "npm:@types/cors@^2.8.19": "2.8.19",
    "npm:@types/express@^5.0.6": "5.0.6",
    "npm:@types/node@24": "24.13.3",
    "npm:@types/three@~0.158.3": "0.158.3",
    "npm:@types/ws@^8.5.10": "8.18.1",
    "npm:cors@^2.8.6": "2.8.6",
    "npm:express@^5.2.1": "5.2.1",
    "npm:helmet@^8.1.0": "8.3.0",
    "npm:jose@5.10.0": "5.10.0",
    "npm:node-fetch@^3.3.2": "3.3.2",
    "npm:openai@^4.52.5": "4.104.0_ws@8.21.3_zod@3.25.76",
    "npm:telegraf@^4.15.0": "4.16.3",
    "npm:ts-node@^10.9.0": "10.9.2_@types+node@24.13.3_typescript@5.9.3",
    "npm:typescript@^5.3.0": "5.9.3",
    "npm:ws@^8.21.1": "8.21.3",
    "npm:zod@^3.25.76": "3.25.76"
  },
  "jsr": {
    "@supabase/functions-js@2.4.5": {
      "integrity": "ead2df253fe0c3b0b682c5f25076978ab62c10afff4d04222451a90ba512c394",
      "dependencies": [
        "npm:openai"
      ]
    },
    "@supabase/supabase-js@2.57.2": {
      "integrity": "f08eeef1c56554ee01d9073a9450c23a401413c88b5fd51f4aeb3e26e929bf04",
      "dependencies": [
        "npm:@supabase/auth-js",
        "npm:@supabase/functions-js@2.4.5",
        "npm:@supabase/node-fetch",
        "npm:@supabase/postgrest-js",
        "npm:@supabase/realtime-js",
        "npm:@supabase/storage-js"
      ]
    }
  },
  "npm": {
    "@cspotcode/source-map-support@0.8.1": {
      "integrity": "sha512-IchNf6dN4tHoMFIn/7OE8LWZ19Y6q/67Bmf6vnGREv8RSbBVb9LPJxEcnwrcwX6ixSvaiGoomAUvu4YSxXrVgw==",
      "dependencies": [
        "@jridgewell/trace-mapping"
      ]
    }
  }
}
